// !$*UTF8*$!
{
	archiveVersion = 1;
	classes = {
	};
	objectVersion = 50;
	objects = {

/* Begin PBXBuildFile section */
		6F2475FE20D0419700C2B409 /* AppDelegate.swift in Sources */ = {isa = PBXBuildFile; fileRef = 6F2475FD20D0419700C2B409 /* AppDelegate.swift */; };
		6F24760020D0419700C2B409 /* ViewController.swift in Sources */ = {isa = PBXBuildFile; fileRef = 6F2475FF20D0419700C2B409 /* ViewController.swift */; };
		6F24760320D0419700C2B409 /* Main.storyboard in Resources */ = {isa = PBXBuildFile; fileRef = 6F24760120D0419700C2B409 /* Main.storyboard */; };
		6F24760520D0419800C2B409 /* Assets.xcassets in Resources */ = {isa = PBXBuildFile; fileRef = 6F24760420D0419800C2B409 /* Assets.xcassets */; };
		6F24760820D0419800C2B409 /* LaunchScreen.storyboard in Resources */ = {isa = PBXBuildFile; fileRef = 6F24760620D0419800C2B409 /* LaunchScreen.storyboard */; };
		7AF63A0B96EF2927F8C3DA75 /* Pods_PigeonBreeder.framework in Frameworks */ = {isa = PBXBuildFile; fileRef = E3CD384C8D1B7DE5F1502821 /* Pods_PigeonBreeder.framework */; };
/* End PBXBuildFile section */

/* Begin PBXFileReference section */
		0C11E1B2D3485F543E85994E /* Pods-PigeonBreeder.release.xcconfig */ = {isa = PBXFileReference; includeInIndex = 1; lastKnownFileType = text.xcconfig; name = "Pods-PigeonBreeder.release.xcconfig"; path = "Pods/Target Support Files/Pods-PigeonBreeder/Pods-PigeonBreeder.release.xcconfig"; sourceTree = "<group>"; };
		6F2475FA20D0419700C2B409 /* PigeonBreeder.app */ = {isa = PBXFileReference; explicitFileType = wrapper.application; includeInIndex = 0; path = PigeonBreeder.app; sourceTree = BUILT_PRODUCTS_DIR; };
		6F2475FD20D0419700C2B409 /* AppDelegate.swift */ = {isa = PBXFileReference; lastKnownFileType = sourcecode.swift; path = AppDelegate.swift; sourceTree = "<group>"; };
		6F2475FF20D0419700C2B409 /* ViewController.swift */ = {isa = PBXFileReference; lastKnownFileType = sourcecode.swift; path = ViewController.swift; sourceTree = "<group>"; };
		6F24760220D0419700C2B409 /* Base */ = {isa = PBXFileReference; lastKnownFileType = file.storyboard; name = Base; path = Base.lproj/Main.storyboard; sourceTree = "<group>"; };
		6F24760420D0419800C2B409 /* Assets.xcassets */ = {isa = PBXFileReference; lastKnownFileType = folder.assetcatalog; path = Assets.xcassets; sourceTree = "<group>"; };
		6F24760720D0419800C2B409 /* Base */ = {isa = PBXFileReference; lastKnownFileType = file.storyboard; name = Base; path = Base.lproj/LaunchScreen.storyboard; sourceTree = "<group>"; };
		6F24760920D0419800C2B409 /* Info.plist */ = {isa = PBXFileReference; lastKnownFileType = text.plist.xml; path = Info.plist; sourceTree = "<group>"; };
		777E3C4FDA84E6538CC28429 /* Pods-PigeonBreeder.debug.xcconfig */ = {isa = PBXFileReference; includeInIndex = 1; lastKnownFileType = text.xcconfig; name = "Pods-PigeonBreeder.debug.xcconfig"; path = "Pods/Target Support Files/Pods-PigeonBreeder/Pods-PigeonBreeder.debug.xcconfig"; sourceTree = "<group>"; };
		E3CD384C8D1B7DE5F1502821 /* Pods_PigeonBreeder.framework */ = {isa = PBXFileReference; explicitFileType = wrapper.framework; includeInIndex = 0; path = Pods_PigeonBreeder.framework; sourceTree = BUILT_PRODUCTS_DIR; };
/* End PBXFileReference section */

/* Begin PBXFrameworksBuildPhase section */
		6F2475F720D0419700C2B409 /* Frameworks */ = {
			isa = PBXFrameworksBuildPhase;
			buildActionMask = 2147483647;
			files = (
				7AF63A0B96EF2927F8C3DA75 /* Pods_PigeonBreeder.framework in Frameworks */,
			);
			runOnlyForDeploymentPostprocessing = 0;
		};
/* End PBXFrameworksBuildPhase section */

/* Begin PBXGroup section */
		6F2475F120D0419700C2B409 = {
			isa = PBXGroup;
			children = (
				6F2475FC20D0419700C2B409 /* PigeonBreeder */,
				6F2475FB20D0419700C2B409 /* Products */,
				ABC8BE92AC76FDCF696EAC16 /* Pods */,
				B7378968439E24ABECCD958D /* Frameworks */,
			);
			sourceTree = "<group>";
		};
		6F2475FB20D0419700C2B409 /* Products */ = {
			isa = PBXGroup;
			children = (
				6F2475FA20D0419700C2B409 /* PigeonBreeder.app */,
			);
			name = Products;
			sourceTree = "<group>";
		};
		6F2475FC20D0419700C2B409 /* PigeonBreeder */ = {
			isa = PBXGroup;
			children = (
				6F2475FD20D0419700C2B409 /* AppDelegate.swift */,
				6F2475FF20D0419700C2B409 /* ViewController.swift */,
				6F24760120D0419700C2B409 /* Main.storyboard */,
				6F24760420D0419800C2B409 /* Assets.xcassets */,
				6F24760620D0419800C2B409 /* LaunchScreen.storyboard */,
				6F24760920D0419800C2B409 /* Info.plist */,
			);
			path = PigeonBreeder;
			sourceTree = "<group>";
		};
		ABC8BE92AC76FDCF696EAC16 /* Pods */ = {
			isa = PBXGroup;
			children = (
				777E3C4FDA84E6538CC28429 /* Pods-PigeonBreeder.debug.xcconfig */,
				0C11E1B2D3485F543E85994E /* Pods-PigeonBreeder.release.xcconfig */,
			);
			name = Pods;
			sourceTree = "<group>";
		};
		B7378968439E24ABECCD958D /* Frameworks */ = {
			isa = PBXGroup;
			children = (
				E3CD384C8D1B7DE5F1502821 /* Pods_PigeonBreeder.framework */,
			);
			name = Frameworks;
			sourceTree = "<group>";
		};
/* End PBXGroup section */

/* Begin PBXNativeTarget section */
		6F2475F920D0419700C2B409 /* PigeonBreeder */ = {
			isa = PBXNativeTarget;
			buildConfigurationList = 6F24760C20D0419900C2B409 /* Build configuration list for PBXNativeTarget "PigeonBreeder" */;
			buildPhases = (
				0FB19AC4BCF5C7EF201A2355 /* [CP] Check Pods Manifest.lock */,
				6F2475F620D0419700C2B409 /* Sources */,
				6F2475F720D0419700C2B409 /* Frameworks */,
				6F2475F820D0419700C2B409 /* Resources */,
			);
			buildRules = (
			);
			dependencies = (
			);
			name = PigeonBreeder;
			productName = PigeonBreeder;
			productReference = 6F2475FA20D0419700C2B409 /* PigeonBreeder.app */;
			productType = "com.apple.product-type.application";
		};
/* End PBXNativeTarget section */

/* Begin PBXProject section */
		6F2475F220D0419700C2B409 /* Project object */ = {
			isa = PBXProject;
			attributes = {
				LastSwiftUpdateCheck = 0930;
				LastUpgradeCheck = 0930;
				ORGANIZATIONNAME = "Mariusz Sut";
				TargetAttributes = {
					6F2475F920D0419700C2B409 = {
						CreatedOnToolsVersion = 9.3;
					};
				};
			};
			buildConfigurationList = 6F2475F520D0419700C2B409 /* Build configuration list for PBXProject "PigeonBreeder" */;
			compatibilityVersion = "Xcode 9.3";
			developmentRegion = en;
			hasScannedForEncodings = 0;
			knownRegions = (
				en,
				Base,
			);
			mainGroup = 6F2475F120D0419700C2B409;
			productRefGroup = 6F2475FB20D0419700C2B409 /* Products */;
			projectDirPath = "";
			projectRoot = "";
			targets = (
				6F2475F920D0419700C2B409 /* PigeonBreeder */,
			);
		};
/* End PBXProject section */

/* Begin PBXResourcesBuildPhase section */
		6F2475F820D0419700C2B409 /* Resources */ = {
			isa = PBXResourcesBuildPhase;
			buildActionMask = 2147483647;
			files = (
				6F24760820D0419800C2B409 /* LaunchScreen.storyboard in Resources */,
				6F24760520D0419800C2B409 /* Assets.xcassets in Resources */,
				6F24760320D0419700C2B409 /* Main.storyboard in Resources */,
			);
			runOnlyForDeploymentPostprocessing = 0;
		};
/* End PBXResourcesBuildPhase section */

/* Begin PBXShellScriptBuildPhase section */
		0FB19AC4BCF5C7EF201A2355 /* [CP] Check Pods Manifest.lock */ = {
			isa = PBXShellScriptBuildPhase;
			buildActionMask = 2147483647;
			files = (
			);
			inputPaths = (
				"${PODS_PODFILE_DIR_PATH}/Podfile.lock",
				"${PODS_ROOT}/Manifest.lock",
			);
			name = "[CP] Check Pods Manifest.lock";
			outputPaths = (
				"$(DERIVED_FILE_DIR)/Pods-PigeonBreeder-checkManifestLockResult.txt",
			);
			runOnlyForDeploymentPostprocessing = 0;
			shellPath = /bin/sh;
			shellScript = "diff \"${PODS_PODFILE_DIR_PATH}/Podfile.lock\" \"${PODS_ROOT}/Manifest.lock\" > /dev/null\nif [ $? != 0 ] ; then\n    # print error to STDERR\n    echo \"error: The sandbox is not in sync with the Podfile.lock. Run 'pod install' or update your CocoaPods installation.\" >&2\n    exit 1\nfi\n# This output is used by Xcode 'outputs' to avoid re-running this script phase.\necho \"SUCCESS\" > \"${SCRIPT_OUTPUT_FILE_0}\"\n";
			showEnvVarsInLog = 0;
		};
/* End PBXShellScriptBuildPhase section */

/* Begin PBXSourcesBuildPhase section */
		6F2475F620D0419700C2B409 /* Sources */ = {
			isa = PBXSourcesBuildPhase;
			buildActionMask = 2147483647;
			files = (
				6F24760020D0419700C2B409 /* ViewController.swift in Sources */,
				6F2475FE20D0419700C2B409 /* AppDelegate.swift in Sources */,
			);
			runOnlyForDeploymentPostprocessing = 0;
		};
/* End PBXSourcesBuildPhase section */

/* Begin PBXVariantGroup section */
		6F24760120D0419700C2B409 /* Main.storyboard */ = {
			isa = PBXVariantGroup;
			children = (
				6F24760220D0419700C2B409 /* Base */,
			);
			name = Main.storyboard;
			sourceTree = "<group>";
		};
		6F24760620D0419800C2B409 /* LaunchScreen.storyboard */ = {
			isa = PBXVariantGroup;
			children = (
				6F24760720D0419800C2B409 /* Base */,
			);
			name = LaunchScreen.storyboard;
			sourceTree = "<group>";
		};
/* End PBXVariantGroup section */

/* Begin XCBuildConfiguration section */
		6F24760A20D0419900C2B409 /* Debug */ = {
			isa = XCBuildConfiguration;
			buildSettings = {
				ALWAYS_SEARCH_USER_PATHS = NO;
				CLANG_ANALYZER_NONNULL = YES;
				CLANG_ANALYZER_NUMBER_OBJECT_CONVERSION = YES_AGGRESSIVE;
				CLANG_CXX_LANGUAGE_STANDARD = "gnu++14";
				CLANG_CXX_LIBRARY = "libc++";
				CLANG_ENABLE_MODULES = YES;
				CLANG_ENABLE_OBJC_ARC = YES;
				CLANG_ENABLE_OBJC_WEAK = YES;
				CLANG_WARN_BLOCK_CAPTURE_AUTORELEASING = YES;
				CLANG_WARN_BOOL_CONVERSION = YES;
				CLANG_WARN_COMMA = YES;
				CLANG_WARN_CONSTANT_CONVERSION = YES;
				CLANG_WARN_DEPRECATED_OBJC_IMPLEMENTATIONS = YES;
				CLANG_WARN_DIRECT_OBJC_ISA_USAGE = YES_ERROR;
				CLANG_WARN_DOCUMENTATION_COMMENTS = YES;
				CLANG_WARN_EMPTY_BODY = YES;
				CLANG_WARN_ENUM_CONVERSION = YES;
				CLANG_WARN_INFINITE_RECURSION = YES;
				CLANG_WARN_INT_CONVERSION = YES;
				CLANG_WARN_NON_LITERAL_NULL_CONVERSION = YES;
				CLANG_WARN_OBJC_IMPLICIT_RETAIN_SELF = YES;
				CLANG_WARN_OBJC_LITERAL_CONVERSION = YES;
				CLANG_WARN_OBJC_ROOT_CLASS = YES_ERROR;
				CLANG_WARN_RANGE_LOOP_ANALYSIS = YES;
				CLANG_WARN_STRICT_PROTOTYPES = YES;
				CLANG_WARN_SUSPICIOUS_MOVE = YES;
				CLANG_WARN_UNGUARDED_AVAILABILITY = YES_AGGRESSIVE;
				CLANG_WARN_UNREACHABLE_CODE = YES;
				CLANG_WARN__DUPLICATE_METHOD_MATCH = YES;
				CODE_SIGN_IDENTITY = "iPhone Developer";
				COPY_PHASE_STRIP = NO;
				DEBUG_INFORMATION_FORMAT = dwarf;
				ENABLE_STRICT_OBJC_MSGSEND = YES;
				ENABLE_TESTABILITY = YES;
				GCC_C_LANGUAGE_STANDARD = gnu11;
				GCC_DYNAMIC_NO_PIC = NO;
				GCC_NO_COMMON_BLOCKS = YES;
				GCC_OPTIMIZATION_LEVEL = 0;
				GCC_PREPROCESSOR_DEFINITIONS = (
					"DEBUG=1",
					"$(inherited)",
				);
				GCC_WARN_64_TO_32_BIT_CONVERSION = YES;
				GCC_WARN_ABOUT_RETURN_TYPE = YES_ERROR;
				GCC_WARN_UNDECLARED_SELECTOR = YES;
				GCC_WARN_UNINITIALIZED_AUTOS = YES_AGGRESSIVE;
				GCC_WARN_UNUSED_FUNCTION = YES;
				GCC_WARN_UNUSED_VARIABLE = YES;
				IPHONEOS_DEPLOYMENT_TARGET = 11.3;
				MTL_ENABLE_DEBUG_INFO = YES;
				ONLY_ACTIVE_ARCH = YES;
				SDKROOT = iphoneos;
				SWIFT_ACTIVE_COMPILATION_CONDITIONS = DEBUG;
				SWIFT_OPTIMIZATION_LEVEL = "-Onone";
			};
			name = Debug;
		};
		6F24760B20D0419900C2B409 /* Release */ = {
			isa = XCBuildConfiguration;
			buildSettings = {
				ALWAYS_SEARCH_USER_PATHS = NO;
				CLANG_ANALYZER_NONNULL = YES;
				CLANG_ANALYZER_NUMBER_OBJECT_CONVERSION = YES_AGGRESSIVE;
				CLANG_CXX_LANGUAGE_STANDARD = "gnu++14";
				CLANG_CXX_LIBRARY = "libc++";
				CLANG_ENABLE_MODULES = YES;
				CLANG_ENABLE_OBJC_ARC = YES;
				CLANG_ENABLE_OBJC_WEAK = YES;
				CLANG_WARN_BLOCK_CAPTURE_AUTORELEASING = YES;
				CLANG_WARN_BOOL_CONVERSION = YES;
				CLANG_WARN_COMMA = YES;
				CLANG_WARN_CONSTANT_CONVERSION = YES;
				CLANG_WARN_DEPRECATED_OBJC_IMPLEMENTATIONS = YES;
				CLANG_WARN_DIRECT_OBJC_ISA_USAGE = YES_ERROR;
				CLANG_WARN_DOCUMENTATION_COMMENTS = YES;
				CLANG_WARN_EMPTY_BODY = YES;
				CLANG_WARN_ENUM_CONVERSION = YES;
				CLANG_WARN_INFINITE_RECURSION = YES;
				CLANG_WARN_INT_CONVERSION = YES;
				CLANG_WARN_NON_LITERAL_NULL_CONVERSION = YES;
				CLANG_WARN_OBJC_IMPLICIT_RETAIN_SELF = YES;
				CLANG_WARN_OBJC_LITERAL_CONVERSION = YES;
				CLANG_WARN_OBJC_ROOT_CLASS = YES_ERROR;
				CLANG_WARN_RANGE_LOOP_ANALYSIS = YES;
				CLANG_WARN_STRICT_PROTOTYPES = YES;
				CLANG_WARN_SUSPICIOUS_MOVE = YES;
				CLANG_WARN_UNGUARDED_AVAILABILITY = YES_AGGRESSIVE;
				CLANG_WARN_UNREACHABLE_CODE = YES;
				CLANG_WARN__DUPLICATE_METHOD_MATCH = YES;
				CODE_SIGN_IDENTITY = "iPhone Developer";
				COPY_PHASE_STRIP = NO;
				DEBUG_INFORMATION_FORMAT = "dwarf-with-dsym";
				ENABLE_NS_ASSERTIONS = NO;
				ENABLE_STRICT_OBJC_MSGSEND = YES;
				GCC_C_LANGUAGE_STANDARD = gnu11;
				GCC_NO_COMMON_BLOCKS = YES;
				GCC_WARN_64_TO_32_BIT_CONVERSION = YES;
				GCC_WARN_ABOUT_RETURN_TYPE = YES_ERROR;
				GCC_WARN_UNDECLARED_SELECTOR = YES;
				GCC_WARN_UNINITIALIZED_AUTOS = YES_AGGRESSIVE;
				GCC_WARN_UNUSED_FUNCTION = YES;
				GCC_WARN_UNUSED_VARIABLE = YES;
				IPHONEOS_DEPLOYMENT_TARGET = 11.3;
				MTL_ENABLE_DEBUG_INFO = NO;
				SDKROOT = iphoneos;
				SWIFT_COMPILATION_MODE = wholemodule;
				SWIFT_OPTIMIZATION_LEVEL = "-O";
				VALIDATE_PRODUCT = YES;
			};
			name = Release;
		};
		6F24760D20D0419900C2B409 /* Debug */ = {
			isa = XCBuildConfiguration;
			baseConfigurationReference = 777E3C4FDA84E6538CC28429 /* Pods-PigeonBreeder.debug.xcconfig */;
			buildSettings = {
				ASSETCATALOG_COMPILER_APPICON_NAME = AppIcon;
				CODE_SIGN_STYLE = Automatic;
				DEVELOPMENT_TEAM = F8MY77QSLQ;
				INFOPLIST_FILE = PigeonBreeder/Info.plist;
				LD_RUNPATH_SEARCH_PATHS = (
					"$(inherited)",
					"@executable_path/Frameworks",
				);
				PRODUCT_BUNDLE_IDENTIFIER = com.msut.PigeonBreeder;
				PRODUCT_NAME = "$(TARGET_NAME)";
				SWIFT_VERSION = 4.0;
				TARGETED_DEVICE_FAMILY = "1,2";
			};
			name = Debug;
		};
		6F24760E20D0419900C2B409 /* Release */ = {
			isa = XCBuildConfiguration;
			baseConfigurationReference = 0C11E1B2D3485F543E85994E /* Pods-PigeonBreeder.release.xcconfig */;
			buildSettings = {
				ASSETCATALOG_COMPILER_APPICON_NAME = AppIcon;
				CODE_SIGN_STYLE = Automatic;
				DEVELOPMENT_TEAM = F8MY77QSLQ;
				INFOPLIST_FILE = PigeonBreeder/Info.plist;
				LD_RUNPATH_SEARCH_PATHS = (
					"$(inherited)",
					"@executable_path/Frameworks",
				);
				PRODUCT_BUNDLE_IDENTIFIER = com.msut.PigeonBreeder;
				PRODUCT_NAME = "$(TARGET_NAME)";
				SWIFT_VERSION = 4.0;
				TARGETED_DEVICE_FAMILY = "1,2";
			};
			name = Release;
		};
/* End XCBuildConfiguration section */

/* Begin XCConfigurationList section */
		6F2475F520D0419700C2B409 /* Build configuration list for PBXProject "PigeonBreeder" */ = {
			isa = XCConfigurationList;
			buildConfigurations = (
				6F24760A20D0419900C2B409 /* Debug */,
				6F24760B20D0419900C2B409 /* Release */,
			);
			defaultConfigurationIsVisible = 0;
			defaultConfigurationName = Release;
		};
		6F24760C20D0419900C2B409 /* Build configuration list for PBXNativeTarget "PigeonBreeder" */ = {
			isa = XCConfigurationList;
			buildConfigurations = (
				6F24760D20D0419900C2B409 /* Debug */,
				6F24760E20D0419900C2B409 /* Release */,
			);
			defaultConfigurationIsVisible = 0;
			defaultConfigurationName = Release;
		};
/* End XCConfigurationList section */
	};
	rootObject = 6F2475F220D0419700C2B409 /* Project object */;
}
